
Microsoft Visual Studio Solution File, Format Version 12.00
# Visual Studio Version 16
VisualStudioVersion = 16.0.31624.102
MinimumVisualStudioVersion = 10.0.40219.1
Project("{FAE04EC0-301F-11D3-BF4B-00C04F79EFBC}") = "RealEstate", "RealEstate\RealEstate.csproj", "{EACC06C9-6DEB-4ED9-A98B-CB078B5AD0EB}"
EndProject
Project("{FAE04EC0-301F-11D3-BF4B-00C04F79EFBC}") = "RealEstate.Migrations", "RealEstate.Migrations\RealEstate.Migrations.csproj", "{EB6CC4CC-9D51-44EC-84ED-92F02A617FF2}"
EndProject
Global
	GlobalSection(SolutionConfigurationPlatforms) = preSolution
		Debug|Any CPU = Debug|Any CPU
		Release|Any CPU = Release|Any CPU
	EndGlobalSection
	GlobalSection(ProjectConfigurationPlatforms) = postSolution
		{EACC06C9-6DEB-4ED9-A98B-CB078B5AD0EB}.Debug|Any CPU.ActiveCfg = Debug|Any CPU
		{EACC06C9-6DEB-4ED9-A98B-CB078B5AD0EB}.Debug|Any CPU.Build.0 = Debug|Any CPU
		{EACC06C9-6DEB-4ED9-A98B-CB078B5AD0EB}.Release|Any CPU.ActiveCfg = Release|Any CPU
		{EACC06C9-6DEB-4ED9-A98B-CB078B5AD0EB}.Release|Any CPU.Build.0 = Release|Any CPU
		{EB6CC4CC-9D51-44EC-84ED-92F02A617FF2}.Debug|Any CPU.ActiveCfg = Debug|Any CPU
		{EB6CC4CC-9D51-44EC-84ED-92F02A617FF2}.Debug|Any CPU.Build.0 = Debug|Any CPU
		{EB6CC4CC-9D51-44EC-84ED-92F02A617FF2}.Release|Any CPU.ActiveCfg = Release|Any CPU
		{EB6CC4CC-9D51-44EC-84ED-92F02A617FF2}.Release|Any CPU.Build.0 = Release|Any CPU
	EndGlobalSection
	GlobalSection(SolutionProperties) = preSolution
		HideSolutionNode = FALSE
	EndGlobalSection
	GlobalSection(ExtensibilityGlobals) = postSolution
		SolutionGuid = {73FAC68E-E9A8-454A-8AAD-C5DEECCC5BBA}
	EndGlobalSection
EndGlobal
